
Microsoft Visual Studio Solution File, Format Version 12.00
# Visual Studio Version 17
VisualStudioVersion = 17.2.32630.192
MinimumVisualStudioVersion = 10.0.40219.1
Project("{9A19103F-16F7-4668-BE54-9A1E7A4F7556}") = "WebDemo", "WebDemo\WebDemo.csproj", "{CC2D31DC-5365-491C-B5AE-BABBDD9907CE}"
EndProject
Project("{9A19103F-16F7-4668-BE54-9A1E7A4F7556}") = "Domain", "Domain\Domain.csproj", "{21447081-F826-41DA-A478-C8D26496322B}"
EndProject
Project("{9A19103F-16F7-4668-BE54-9A1E7A4F7556}") = "Reponsitory", "Reponsitory\Reponsitory.csproj", "{2413CA18-1101-4602-A376-6860C4D23CB7}"
EndProject
Project("{FAE04EC0-301F-11D3-BF4B-00C04F79EFBC}") = "Admin", "Admin\Admin.csproj", "{A5479147-09C5-4B36-84AE-656323516E9A}"
EndProject
Project("{2150E333-8FDC-42A3-9474-1A3956D46DE8}") = "Application", "Application", "{F04F1E1C-4CF5-42F7-B6EC-EA5EE5010504}"
EndProject
Project("{2150E333-8FDC-42A3-9474-1A3956D46DE8}") = "Repository", "Repository", "{43771BE1-00BE-498D-9F58-001DA4EB5340}"
EndProject
Project("{2150E333-8FDC-42A3-9474-1A3956D46DE8}") = "Common", "Common", "{11ECF5DC-DF4A-47FB-B32C-470D17634203}"
EndProject
Global
	GlobalSection(SolutionConfigurationPlatforms) = preSolution
		Debug|Any CPU = Debug|Any CPU
		Release|Any CPU = Release|Any CPU
	EndGlobalSection
	GlobalSection(ProjectConfigurationPlatforms) = postSolution
		{CC2D31DC-5365-491C-B5AE-BABBDD9907CE}.Debug|Any CPU.ActiveCfg = Debug|Any CPU
		{CC2D31DC-5365-491C-B5AE-BABBDD9907CE}.Debug|Any CPU.Build.0 = Debug|Any CPU
		{CC2D31DC-5365-491C-B5AE-BABBDD9907CE}.Release|Any CPU.ActiveCfg = Release|Any CPU
		{CC2D31DC-5365-491C-B5AE-BABBDD9907CE}.Release|Any CPU.Build.0 = Release|Any CPU
		{21447081-F826-41DA-A478-C8D26496322B}.Debug|Any CPU.ActiveCfg = Debug|Any CPU
		{21447081-F826-41DA-A478-C8D26496322B}.Debug|Any CPU.Build.0 = Debug|Any CPU
		{21447081-F826-41DA-A478-C8D26496322B}.Release|Any CPU.ActiveCfg = Release|Any CPU
		{21447081-F826-41DA-A478-C8D26496322B}.Release|Any CPU.Build.0 = Release|Any CPU
		{2413CA18-1101-4602-A376-6860C4D23CB7}.Debug|Any CPU.ActiveCfg = Debug|Any CPU
		{2413CA18-1101-4602-A376-6860C4D23CB7}.Debug|Any CPU.Build.0 = Debug|Any CPU
		{2413CA18-1101-4602-A376-6860C4D23CB7}.Release|Any CPU.ActiveCfg = Release|Any CPU
		{2413CA18-1101-4602-A376-6860C4D23CB7}.Release|Any CPU.Build.0 = Release|Any CPU
		{A5479147-09C5-4B36-84AE-656323516E9A}.Debug|Any CPU.ActiveCfg = Debug|Any CPU
		{A5479147-09C5-4B36-84AE-656323516E9A}.Debug|Any CPU.Build.0 = Debug|Any CPU
		{A5479147-09C5-4B36-84AE-656323516E9A}.Release|Any CPU.ActiveCfg = Release|Any CPU
		{A5479147-09C5-4B36-84AE-656323516E9A}.Release|Any CPU.Build.0 = Release|Any CPU
	EndGlobalSection
	GlobalSection(SolutionProperties) = preSolution
		HideSolutionNode = FALSE
	EndGlobalSection
	GlobalSection(NestedProjects) = preSolution
		{CC2D31DC-5365-491C-B5AE-BABBDD9907CE} = {F04F1E1C-4CF5-42F7-B6EC-EA5EE5010504}
		{21447081-F826-41DA-A478-C8D26496322B} = {11ECF5DC-DF4A-47FB-B32C-470D17634203}
		{2413CA18-1101-4602-A376-6860C4D23CB7} = {43771BE1-00BE-498D-9F58-001DA4EB5340}
		{A5479147-09C5-4B36-84AE-656323516E9A} = {F04F1E1C-4CF5-42F7-B6EC-EA5EE5010504}
	EndGlobalSection
	GlobalSection(ExtensibilityGlobals) = postSolution
		SolutionGuid = {49BF6389-0B03-422B-BA3E-D6ED844172AA}
	EndGlobalSection
EndGlobal
